
Microsoft Visual Studio Solution File, Format Version 12.00
# Visual Studio 2013
VisualStudioVersion = 12.0.31101.0
MinimumVisualStudioVersion = 10.0.40219.1
Project("{FAE04EC0-301F-11D3-BF4B-00C04F79EFBC}") = "01.ExchangeIfGreater", "01.ExchangeIfGreater\01.ExchangeIfGreater.csproj", "{F3382F6A-8937-4616-A39B-074B54880DA7}"
EndProject
Project("{FAE04EC0-301F-11D3-BF4B-00C04F79EFBC}") = "02.BonusScore", "02.BonusScore\02.BonusScore.csproj", "{218D69A1-CC3B-4506-A617-D6953C9F2E47}"
EndProject
Project("{FAE04EC0-301F-11D3-BF4B-00C04F79EFBC}") = "03.CheckForAPlayCard", "03.CheckForAPlayCard\03.CheckForAPlayCard.csproj", "{91628F30-67D5-497D-B3A0-C7BB44AE4029}"
EndProject
Project("{FAE04EC0-301F-11D3-BF4B-00C04F79EFBC}") = "04.MultiplicationSign", "04.MultiplicationSign\04.MultiplicationSign.csproj", "{D5A97002-B0B2-431C-8DDA-5ECE9EBDA688}"
EndProject
Project("{FAE04EC0-301F-11D3-BF4B-00C04F79EFBC}") = "05.TheBiggestOfThreeNumbers", "05.TheBiggestOfThreeNumbers\05.TheBiggestOfThreeNumbers.csproj", "{BC737934-A6E6-4CC0-AF34-4A95B074C8F8}"
EndProject
Project("{FAE04EC0-301F-11D3-BF4B-00C04F79EFBC}") = "06.TheBiggestOfFiveNumbers", "06.TheBiggestOfFiveNumbers\06.TheBiggestOfFiveNumbers.csproj", "{9AAF75EB-60BB-44FD-94E8-431F65AFC715}"
EndProject
Project("{FAE04EC0-301F-11D3-BF4B-00C04F79EFBC}") = "07.SortThreeNumbersWithNestedIfStatements", "07.SortThreeNumbersWithNestedIfStatements\07.SortThreeNumbersWithNestedIfStatements.csproj", "{E7CA84D9-2EEF-4190-952E-93BC67FC4B71}"
EndProject
Project("{FAE04EC0-301F-11D3-BF4B-00C04F79EFBC}") = "08.DigitAsWord", "08.DigitAsWord\08.DigitAsWord.csproj", "{1EECC104-1B9E-4375-893E-C2A8B140F546}"
EndProject
Project("{FAE04EC0-301F-11D3-BF4B-00C04F79EFBC}") = "09.PlayWithIntDoubleAndString", "09.PlayWithIntDoubleAndString\09.PlayWithIntDoubleAndString.csproj", "{22518F65-7168-49F4-81F1-6EE7B04F9170}"
EndProject
Project("{FAE04EC0-301F-11D3-BF4B-00C04F79EFBC}") = "10.BeerTime", "10.BeerTime\10.BeerTime.csproj", "{6863552A-3527-4218-9344-6CED1F02533F}"
EndProject
Project("{FAE04EC0-301F-11D3-BF4B-00C04F79EFBC}") = "11.NumberAsWords", "11.NumberAsWords\11.NumberAsWords.csproj", "{420AFFA7-CDE3-49BD-8DEC-1C803B09433D}"
EndProject
Project("{FAE04EC0-301F-11D3-BF4B-00C04F79EFBC}") = "12.ZeroSubset", "12.ZeroSubset\12.ZeroSubset.csproj", "{54978F7F-3829-4065-9A65-6863CC10513D}"
EndProject
Global
	GlobalSection(SolutionConfigurationPlatforms) = preSolution
		Debug|Any CPU = Debug|Any CPU
		Release|Any CPU = Release|Any CPU
	EndGlobalSection
	GlobalSection(ProjectConfigurationPlatforms) = postSolution
		{F3382F6A-8937-4616-A39B-074B54880DA7}.Debug|Any CPU.ActiveCfg = Debug|Any CPU
		{F3382F6A-8937-4616-A39B-074B54880DA7}.Debug|Any CPU.Build.0 = Debug|Any CPU
		{F3382F6A-8937-4616-A39B-074B54880DA7}.Release|Any CPU.ActiveCfg = Release|Any CPU
		{F3382F6A-8937-4616-A39B-074B54880DA7}.Release|Any CPU.Build.0 = Release|Any CPU
		{218D69A1-CC3B-4506-A617-D6953C9F2E47}.Debug|Any CPU.ActiveCfg = Debug|Any CPU
		{218D69A1-CC3B-4506-A617-D6953C9F2E47}.Debug|Any CPU.Build.0 = Debug|Any CPU
		{218D69A1-CC3B-4506-A617-D6953C9F2E47}.Release|Any CPU.ActiveCfg = Release|Any CPU
		{218D69A1-CC3B-4506-A617-D6953C9F2E47}.Release|Any CPU.Build.0 = Release|Any CPU
		{91628F30-67D5-497D-B3A0-C7BB44AE4029}.Debug|Any CPU.ActiveCfg = Debug|Any CPU
		{91628F30-67D5-497D-B3A0-C7BB44AE4029}.Debug|Any CPU.Build.0 = Debug|Any CPU
		{91628F30-67D5-497D-B3A0-C7BB44AE4029}.Release|Any CPU.ActiveCfg = Release|Any CPU
		{91628F30-67D5-497D-B3A0-C7BB44AE4029}.Release|Any CPU.Build.0 = Release|Any CPU
		{D5A97002-B0B2-431C-8DDA-5ECE9EBDA688}.Debug|Any CPU.ActiveCfg = Debug|Any CPU
		{D5A97002-B0B2-431C-8DDA-5ECE9EBDA688}.Debug|Any CPU.Build.0 = Debug|Any CPU
		{D5A97002-B0B2-431C-8DDA-5ECE9EBDA688}.Release|Any CPU.ActiveCfg = Release|Any CPU
		{D5A97002-B0B2-431C-8DDA-5ECE9EBDA688}.Release|Any CPU.Build.0 = Release|Any CPU
		{BC737934-A6E6-4CC0-AF34-4A95B074C8F8}.Debug|Any CPU.ActiveCfg = Debug|Any CPU
		{BC737934-A6E6-4CC0-AF34-4A95B074C8F8}.Debug|Any CPU.Build.0 = Debug|Any CPU
		{BC737934-A6E6-4CC0-AF34-4A95B074C8F8}.Release|Any CPU.ActiveCfg = Release|Any CPU
		{BC737934-A6E6-4CC0-AF34-4A95B074C8F8}.Release|Any CPU.Build.0 = Release|Any CPU
		{9AAF75EB-60BB-44FD-94E8-431F65AFC715}.Debug|Any CPU.ActiveCfg = Debug|Any CPU
		{9AAF75EB-60BB-44FD-94E8-431F65AFC715}.Debug|Any CPU.Build.0 = Debug|Any CPU
		{9AAF75EB-60BB-44FD-94E8-431F65AFC715}.Release|Any CPU.ActiveCfg = Release|Any CPU
		{9AAF75EB-60BB-44FD-94E8-431F65AFC715}.Release|Any CPU.Build.0 = Release|Any CPU
		{E7CA84D9-2EEF-4190-952E-93BC67FC4B71}.Debug|Any CPU.ActiveCfg = Debug|Any CPU
		{E7CA84D9-2EEF-4190-952E-93BC67FC4B71}.Debug|Any CPU.Build.0 = Debug|Any CPU
		{E7CA84D9-2EEF-4190-952E-93BC67FC4B71}.Release|Any CPU.ActiveCfg = Release|Any CPU
		{E7CA84D9-2EEF-4190-952E-93BC67FC4B71}.Release|Any CPU.Build.0 = Release|Any CPU
		{1EECC104-1B9E-4375-893E-C2A8B140F546}.Debug|Any CPU.ActiveCfg = Debug|Any CPU
		{1EECC104-1B9E-4375-893E-C2A8B140F546}.Debug|Any CPU.Build.0 = Debug|Any CPU
		{1EECC104-1B9E-4375-893E-C2A8B140F546}.Release|Any CPU.ActiveCfg = Release|Any CPU
		{1EECC104-1B9E-4375-893E-C2A8B140F546}.Release|Any CPU.Build.0 = Release|Any CPU
		{22518F65-7168-49F4-81F1-6EE7B04F9170}.Debug|Any CPU.ActiveCfg = Debug|Any CPU
		{22518F65-7168-49F4-81F1-6EE7B04F9170}.Debug|Any CPU.Build.0 = Debug|Any CPU
		{22518F65-7168-49F4-81F1-6EE7B04F9170}.Release|Any CPU.ActiveCfg = Release|Any CPU
		{22518F65-7168-49F4-81F1-6EE7B04F9170}.Release|Any CPU.Build.0 = Release|Any CPU
		{6863552A-3527-4218-9344-6CED1F02533F}.Debug|Any CPU.ActiveCfg = Debug|Any CPU
		{6863552A-3527-4218-9344-6CED1F02533F}.Debug|Any CPU.Build.0 = Debug|Any CPU
		{6863552A-3527-4218-9344-6CED1F02533F}.Release|Any CPU.ActiveCfg = Release|Any CPU
		{6863552A-3527-4218-9344-6CED1F02533F}.Release|Any CPU.Build.0 = Release|Any CPU
		{420AFFA7-CDE3-49BD-8DEC-1C803B09433D}.Debug|Any CPU.ActiveCfg = Debug|Any CPU
		{420AFFA7-CDE3-49BD-8DEC-1C803B09433D}.Debug|Any CPU.Build.0 = Debug|Any CPU
		{420AFFA7-CDE3-49BD-8DEC-1C803B09433D}.Release|Any CPU.ActiveCfg = Release|Any CPU
		{420AFFA7-CDE3-49BD-8DEC-1C803B09433D}.Release|Any CPU.Build.0 = Release|Any CPU
		{54978F7F-3829-4065-9A65-6863CC10513D}.Debug|Any CPU.ActiveCfg = Debug|Any CPU
		{54978F7F-3829-4065-9A65-6863CC10513D}.Debug|Any CPU.Build.0 = Debug|Any CPU
		{54978F7F-3829-4065-9A65-6863CC10513D}.Release|Any CPU.ActiveCfg = Release|Any CPU
		{54978F7F-3829-4065-9A65-6863CC10513D}.Release|Any CPU.Build.0 = Release|Any CPU
	EndGlobalSection
	GlobalSection(SolutionProperties) = preSolution
		HideSolutionNode = FALSE
	EndGlobalSection
EndGlobal
